
Microsoft Visual Studio Solution File, Format Version 12.00
# Visual Studio Version 16
VisualStudioVersion = 16.0.28803.202
MinimumVisualStudioVersion = 10.0.40219.1
Project("{FAE04EC0-301F-11D3-BF4B-00C04F79EFBC}") = "RestWithAspNetUdemy", "RestWithAspNetUdemy\RestWithAspNetUdemy.csproj", "{F02F4175-6145-497F-BA0F-C017982ACEED}"
EndProject
Global
	GlobalSection(SolutionConfigurationPlatforms) = preSolution
		Debug|Any CPU = Debug|Any CPU
		Release|Any CPU = Release|Any CPU
	EndGlobalSection
	GlobalSection(ProjectConfigurationPlatforms) = postSolution
		{F02F4175-6145-497F-BA0F-C017982ACEED}.Debug|Any CPU.ActiveCfg = Debug|Any CPU
		{F02F4175-6145-497F-BA0F-C017982ACEED}.Debug|Any CPU.Build.0 = Debug|Any CPU
		{F02F4175-6145-497F-BA0F-C017982ACEED}.Release|Any CPU.ActiveCfg = Release|Any CPU
		{F02F4175-6145-497F-BA0F-C017982ACEED}.Release|Any CPU.Build.0 = Release|Any CPU
	EndGlobalSection
	GlobalSection(SolutionProperties) = preSolution
		HideSolutionNode = FALSE
	EndGlobalSection
	GlobalSection(ExtensibilityGlobals) = postSolution
		SolutionGuid = {875E7957-6E88-4107-B1B7-5FD3199DDF68}
	EndGlobalSection
EndGlobal
